// !$*UTF8*$!
{
	archiveVersion = 1;
	classes = {
	};
	objectVersion = 52;
	objects = {

/* Begin PBXBuildFile section */
		1411781C267A64CE0020800B /* MensajeDetallesViewController.swift in Sources */ = {isa = PBXBuildFile; fileRef = 1411781B267A64CE0020800B /* MensajeDetallesViewController.swift */; };
		14117820267A7D3C0020800B /* MensajesDetalleCollectionViewCell.swift in Sources */ = {isa = PBXBuildFile; fileRef = 1411781F267A7D3C0020800B /* MensajesDetalleCollectionViewCell.swift */; };
		14117822267AA0150020800B /* Kingfisher.framework in Frameworks */ = {isa = PBXBuildFile; fileRef = 14117821267AA0150020800B /* Kingfisher.framework */; };
		14117826267AA0D10020800B /* Kingfisher.framework in Frameworks */ = {isa = PBXBuildFile; fileRef = 14117825267AA0D10020800B /* Kingfisher.framework */; };
		1411782A267C09F00020800B /* DetallecalificacionesViewController.swift in Sources */ = {isa = PBXBuildFile; fileRef = 14117829267C09F00020800B /* DetallecalificacionesViewController.swift */; };
		141D88D126819366003A665C /* mail.png in Resources */ = {isa = PBXBuildFile; fileRef = 141D88CC26819363003A665C /* mail.png */; };
		141D88D226819366003A665C /* logo.png in Resources */ = {isa = PBXBuildFile; fileRef = 141D88CD26819364003A665C /* logo.png */; };
		141D88D326819366003A665C /* lock.png in Resources */ = {isa = PBXBuildFile; fileRef = 141D88CE26819364003A665C /* lock.png */; };
		141D88D426819366003A665C /* login.png in Resources */ = {isa = PBXBuildFile; fileRef = 141D88CF26819365003A665C /* login.png */; };
		141D88D526819366003A665C /* header-login.png in Resources */ = {isa = PBXBuildFile; fileRef = 141D88D026819366003A665C /* header-login.png */; };
		141D88D826819EB8003A665C /* HomeViewController.swift in Sources */ = {isa = PBXBuildFile; fileRef = 141D88D726819EB8003A665C /* HomeViewController.swift */; };
		141D88DA2681A3A9003A665C /* HomeCollectionViewCell.swift in Sources */ = {isa = PBXBuildFile; fileRef = 141D88D92681A3A9003A665C /* HomeCollectionViewCell.swift */; };
		141D88DF2681A7C5003A665C /* icon_calificaciones_41.png in Resources */ = {isa = PBXBuildFile; fileRef = 141D88DB2681A7C2003A665C /* icon_calificaciones_41.png */; };
		141D88E02681A7C5003A665C /* icon_conferencia_41.png in Resources */ = {isa = PBXBuildFile; fileRef = 141D88DC2681A7C3003A665C /* icon_conferencia_41.png */; };
		141D88E12681A7C5003A665C /* vector-bg.png in Resources */ = {isa = PBXBuildFile; fileRef = 141D88DD2681A7C4003A665C /* vector-bg.png */; };
		141D88E22681A7C5003A665C /* icon_mensajes_41.png in Resources */ = {isa = PBXBuildFile; fileRef = 141D88DE2681A7C5003A665C /* icon_mensajes_41.png */; };
		141D88E726822F20003A665C /* bell.png in Resources */ = {isa = PBXBuildFile; fileRef = 141D88E326822F18003A665C /* bell.png */; };
		141D88E826822F20003A665C /* Line.png in Resources */ = {isa = PBXBuildFile; fileRef = 141D88E426822F1D003A665C /* Line.png */; };
		141D88E926822F20003A665C /* Triangle.png in Resources */ = {isa = PBXBuildFile; fileRef = 141D88E526822F1E003A665C /* Triangle.png */; };
		141D88EA26822F20003A665C /* Ellipse-2.png in Resources */ = {isa = PBXBuildFile; fileRef = 141D88E626822F1F003A665C /* Ellipse-2.png */; };
		14321E68268515880009022F /* RNCryptor.framework in Frameworks */ = {isa = PBXBuildFile; fileRef = 14321E66268515880009022F /* RNCryptor.framework */; };
		14321E6A268515880009022F /* SideMenu.framework in Frameworks */ = {isa = PBXBuildFile; fileRef = 14321E67268515880009022F /* SideMenu.framework */; };
		14321E6F26855AAC0009022F /* AESCryptable in Frameworks */ = {isa = PBXBuildFile; productRef = 14321E6E26855AAC0009022F /* AESCryptable */; };
		14321E72268564960009022F /* CryptoSwift in Frameworks */ = {isa = PBXBuildFile; productRef = 14321E71268564960009022F /* CryptoSwift */; };
		146C3905267CFADF004C80A6 /* NotificacionesTableViewCell.swift in Sources */ = {isa = PBXBuildFile; fileRef = 146C3904267CFADF004C80A6 /* NotificacionesTableViewCell.swift */; };
		146D025A26829002001588D7 /* emailinput.png in Resources */ = {isa = PBXBuildFile; fileRef = 146D025926829000001588D7 /* emailinput.png */; };
		146D025D2682932C001588D7 /* passwordinput.png in Resources */ = {isa = PBXBuildFile; fileRef = 146D025C2682932B001588D7 /* passwordinput.png */; };
		146D026026829474001588D7 /* faceook.png in Resources */ = {isa = PBXBuildFile; fileRef = 146D025E26829472001588D7 /* faceook.png */; };
		146D026126829474001588D7 /* googlebtn.png in Resources */ = {isa = PBXBuildFile; fileRef = 146D025F26829473001588D7 /* googlebtn.png */; };
		146D026326829B4F001588D7 /* CalifivacionTableViewCell.swift in Sources */ = {isa = PBXBuildFile; fileRef = 146D026226829B4F001588D7 /* CalifivacionTableViewCell.swift */; };
		146D026A2682BB63001588D7 /* SideMenuTableViewController.swift in Sources */ = {isa = PBXBuildFile; fileRef = 146D02692682BB63001588D7 /* SideMenuTableViewController.swift */; };
		146D026E2682E1B6001588D7 /* NoticiaViewController.swift in Sources */ = {isa = PBXBuildFile; fileRef = 146D026D2682E1B6001588D7 /* NoticiaViewController.swift */; };
		146D02702682E55F001588D7 /* ConferenciadetalleViewController.swift in Sources */ = {isa = PBXBuildFile; fileRef = 146D026F2682E55F001588D7 /* ConferenciadetalleViewController.swift */; };
		148F8B522636FDBE00DF6547 /* AppDelegate.swift in Sources */ = {isa = PBXBuildFile; fileRef = 148F8B512636FDBE00DF6547 /* AppDelegate.swift */; };
		148F8B542636FDBE00DF6547 /* SceneDelegate.swift in Sources */ = {isa = PBXBuildFile; fileRef = 148F8B532636FDBE00DF6547 /* SceneDelegate.swift */; };
		148F8B562636FDBE00DF6547 /* ViewController.swift in Sources */ = {isa = PBXBuildFile; fileRef = 148F8B552636FDBE00DF6547 /* ViewController.swift */; };
		148F8B592636FDBE00DF6547 /* Main.storyboard in Resources */ = {isa = PBXBuildFile; fileRef = 148F8B572636FDBE00DF6547 /* Main.storyboard */; };
		148F8B5B2636FDC300DF6547 /* Assets.xcassets in Resources */ = {isa = PBXBuildFile; fileRef = 148F8B5A2636FDC300DF6547 /* Assets.xcassets */; };
		148F8B5E2636FDC300DF6547 /* LaunchScreen.storyboard in Resources */ = {isa = PBXBuildFile; fileRef = 148F8B5C2636FDC300DF6547 /* LaunchScreen.storyboard */; };
		148F8B692636FDC400DF6547 /* EduflixTests.swift in Sources */ = {isa = PBXBuildFile; fileRef = 148F8B682636FDC400DF6547 /* EduflixTests.swift */; };
		148F8B742636FDC400DF6547 /* EduflixUITests.swift in Sources */ = {isa = PBXBuildFile; fileRef = 148F8B732636FDC400DF6547 /* EduflixUITests.swift */; };
		148F8BA12636FF1100DF6547 /* calificaciones.png in Resources */ = {isa = PBXBuildFile; fileRef = 148F8B852636FF0400DF6547 /* calificaciones.png */; };
		148F8BA22636FF1100DF6547 /* gmail.png in Resources */ = {isa = PBXBuildFile; fileRef = 148F8B862636FF0500DF6547 /* gmail.png */; };
		148F8BA32636FF1100DF6547 /* Sign In.png in Resources */ = {isa = PBXBuildFile; fileRef = 148F8B872636FF0600DF6547 /* Sign In.png */; };
		148F8BA42636FF1100DF6547 /* telefono.png in Resources */ = {isa = PBXBuildFile; fileRef = 148F8B882636FF0600DF6547 /* telefono.png */; };
		148F8BA52636FF1100DF6547 /* recuperar.png in Resources */ = {isa = PBXBuildFile; fileRef = 148F8B892636FF0600DF6547 /* recuperar.png */; };
		148F8BA62636FF1100DF6547 /* cuadronotif.png in Resources */ = {isa = PBXBuildFile; fileRef = 148F8B8A2636FF0600DF6547 /* cuadronotif.png */; };
		148F8BA72636FF1100DF6547 /* correo.png in Resources */ = {isa = PBXBuildFile; fileRef = 148F8B8B2636FF0700DF6547 /* correo.png */; };
		148F8BA82636FF1100DF6547 /* Customer Info.png in Resources */ = {isa = PBXBuildFile; fileRef = 148F8B8C2636FF0700DF6547 /* Customer Info.png */; };
		148F8BA92636FF1100DF6547 /* Categories.png in Resources */ = {isa = PBXBuildFile; fileRef = 148F8B8D2636FF0700DF6547 /* Categories.png */; };
		148F8BAA2636FF1100DF6547 /* ingresar.png in Resources */ = {isa = PBXBuildFile; fileRef = 148F8B8E2636FF0700DF6547 /* ingresar.png */; };
		148F8BAB2636FF1100DF6547 /* Onboarding_1.png in Resources */ = {isa = PBXBuildFile; fileRef = 148F8B8F2636FF0800DF6547 /* Onboarding_1.png */; };
		148F8BAC2636FF1100DF6547 /* regresar.png in Resources */ = {isa = PBXBuildFile; fileRef = 148F8B902636FF0800DF6547 /* regresar.png */; };
		148F8BAD2636FF1100DF6547 /* Profile.png in Resources */ = {isa = PBXBuildFile; fileRef = 148F8B912636FF0900DF6547 /* Profile.png */; };
		148F8BAE2636FF1100DF6547 /* conferencia.png in Resources */ = {isa = PBXBuildFile; fileRef = 148F8B922636FF0900DF6547 /* conferencia.png */; };
		148F8BAF2636FF1100DF6547 /* Sign In – 1.png in Resources */ = {isa = PBXBuildFile; fileRef = 148F8B932636FF0A00DF6547 /* Sign In – 1.png */; };
		148F8BB02636FF1100DF6547 /* paloma.png in Resources */ = {isa = PBXBuildFile; fileRef = 148F8B942636FF0B00DF6547 /* paloma.png */; };
		148F8BB12636FF1100DF6547 /* palomablanca.png in Resources */ = {isa = PBXBuildFile; fileRef = 148F8B952636FF0B00DF6547 /* palomablanca.png */; };
		148F8BB22636FF1100DF6547 /* cursos.png in Resources */ = {isa = PBXBuildFile; fileRef = 148F8B962636FF0B00DF6547 /* cursos.png */; };
		148F8BB32636FF1100DF6547 /* log.png in Resources */ = {isa = PBXBuildFile; fileRef = 148F8B972636FF0C00DF6547 /* log.png */; };
		148F8BB42636FF1100DF6547 /* bgperfil.png in Resources */ = {isa = PBXBuildFile; fileRef = 148F8B982636FF0C00DF6547 /* bgperfil.png */; };
		148F8BB52636FF1100DF6547 /* Construction works.png in Resources */ = {isa = PBXBuildFile; fileRef = 148F8B992636FF0D00DF6547 /* Construction works.png */; };
		148F8BB62636FF1100DF6547 /* notificaciones.png in Resources */ = {isa = PBXBuildFile; fileRef = 148F8B9A2636FF0E00DF6547 /* notificaciones.png */; };
		148F8BB72636FF1100DF6547 /* mensajes.png in Resources */ = {isa = PBXBuildFile; fileRef = 148F8B9B2636FF0E00DF6547 /* mensajes.png */; };
		148F8BB82636FF1100DF6547 /* perfil.png in Resources */ = {isa = PBXBuildFile; fileRef = 148F8B9C2636FF0E00DF6547 /* perfil.png */; };
		148F8BB92636FF1100DF6547 /* Onboarding_4.png in Resources */ = {isa = PBXBuildFile; fileRef = 148F8B9D2636FF0F00DF6547 /* Onboarding_4.png */; };
		148F8BBA2636FF1100DF6547 /* home.png in Resources */ = {isa = PBXBuildFile; fileRef = 148F8B9E2636FF1000DF6547 /* home.png */; };
		148F8BBB2636FF1100DF6547 /* Settings.png in Resources */ = {isa = PBXBuildFile; fileRef = 148F8B9F2636FF1000DF6547 /* Settings.png */; };
		148F8BBC2636FF1100DF6547 /* Notification.png in Resources */ = {isa = PBXBuildFile; fileRef = 148F8BA02636FF1000DF6547 /* Notification.png */; };
		148F8BC5263708A300DF6547 /* usuario.png in Resources */ = {isa = PBXBuildFile; fileRef = 148F8BC02637089B00DF6547 /* usuario.png */; };
		148F8BC6263708A300DF6547 /* bmensaje.png in Resources */ = {isa = PBXBuildFile; fileRef = 148F8BC1263708A100DF6547 /* bmensaje.png */; };
		148F8BC7263708A300DF6547 /* blist.png in Resources */ = {isa = PBXBuildFile; fileRef = 148F8BC2263708A200DF6547 /* blist.png */; };
		148F8BC8263708A300DF6547 /* bhome.png in Resources */ = {isa = PBXBuildFile; fileRef = 148F8BC3263708A200DF6547 /* bhome.png */; };
		148F8BC9263708A300DF6547 /* blapiz.png in Resources */ = {isa = PBXBuildFile; fileRef = 148F8BC4263708A300DF6547 /* blapiz.png */; };
		148F8BCE263709D500DF6547 /* bcurso.png in Resources */ = {isa = PBXBuildFile; fileRef = 148F8BCD263709D400DF6547 /* bcurso.png */; };
		148F8BD326370CD400DF6547 /* LoginViewController.swift in Sources */ = {isa = PBXBuildFile; fileRef = 148F8BD226370CD400DF6547 /* LoginViewController.swift */; };
		148F8BD826370D1200DF6547 /* InicioViewController.swift in Sources */ = {isa = PBXBuildFile; fileRef = 148F8BD726370D1200DF6547 /* InicioViewController.swift */; };
		148F8BDD26370D2100DF6547 /* ConferenciaViewController.swift in Sources */ = {isa = PBXBuildFile; fileRef = 148F8BDC26370D2100DF6547 /* ConferenciaViewController.swift */; };
		148F8BE226370D2D00DF6547 /* CalificacionViewController.swift in Sources */ = {isa = PBXBuildFile; fileRef = 148F8BE126370D2D00DF6547 /* CalificacionViewController.swift */; };
		148F8BE726370D3D00DF6547 /* PerfilViewController.swift in Sources */ = {isa = PBXBuildFile; fileRef = 148F8BE626370D3D00DF6547 /* PerfilViewController.swift */; };
		148F8BEC26370D4D00DF6547 /* MensajesViewController.swift in Sources */ = {isa = PBXBuildFile; fileRef = 148F8BEB26370D4D00DF6547 /* MensajesViewController.swift */; };
		148F8BF126370E9100DF6547 /* CursosViewController.swift in Sources */ = {isa = PBXBuildFile; fileRef = 148F8BF026370E9100DF6547 /* CursosViewController.swift */; };
		148F8BF62637108E00DF6547 /* launch.png in Resources */ = {isa = PBXBuildFile; fileRef = 148F8BF52637108E00DF6547 /* launch.png */; };
		148F8BFB263717B100DF6547 /* noticiasCollectionViewCell.swift in Sources */ = {isa = PBXBuildFile; fileRef = 148F8BFA263717B100DF6547 /* noticiasCollectionViewCell.swift */; };
		148F8C0026371FE300DF6547 /* siguiente.png in Resources */ = {isa = PBXBuildFile; fileRef = 148F8BFF26371FE200DF6547 /* siguiente.png */; };
		148F8C1126373D5B00DF6547 /* ContraViewController.swift in Sources */ = {isa = PBXBuildFile; fileRef = 148F8C1026373D5B00DF6547 /* ContraViewController.swift */; };
		148F8C1726373DA000DF6547 /* ConferenciaCollectionViewCell.swift in Sources */ = {isa = PBXBuildFile; fileRef = 148F8C1626373DA000DF6547 /* ConferenciaCollectionViewCell.swift */; };
		148F8C222637403200DF6547 /* CalificacionCollectionViewCell.swift in Sources */ = {isa = PBXBuildFile; fileRef = 148F8C212637403200DF6547 /* CalificacionCollectionViewCell.swift */; };
		148F8C2E2637407000DF6547 /* MensajesCollectionViewCell.swift in Sources */ = {isa = PBXBuildFile; fileRef = 148F8C2D2637407000DF6547 /* MensajesCollectionViewCell.swift */; };
		148F8C342637472500DF6547 /* Conexion.swift in Sources */ = {isa = PBXBuildFile; fileRef = 148F8C332637472500DF6547 /* Conexion.swift */; };
		148F8C392637474000DF6547 /* Conexionput.swift in Sources */ = {isa = PBXBuildFile; fileRef = 148F8C382637474000DF6547 /* Conexionput.swift */; };
		148F8C3E2637475900DF6547 /* ConexionPost.swift in Sources */ = {isa = PBXBuildFile; fileRef = 148F8C3D2637475900DF6547 /* ConexionPost.swift */; };
		148F8C4326374E7D00DF6547 /* GoogleService-Info.plist in Resources */ = {isa = PBXBuildFile; fileRef = 148F8C4226374E7D00DF6547 /* GoogleService-Info.plist */; };
		148F8C5E263751F100DF6547 /* NotificacionesViewController.swift in Sources */ = {isa = PBXBuildFile; fileRef = 148F8C5D263751F100DF6547 /* NotificacionesViewController.swift */; };
		14916E892639CE88009D8236 /* font in Resources */ = {isa = PBXBuildFile; fileRef = 14916E882639CE88009D8236 /* font */; };
		14916E8E2639D1F6009D8236 /* cerrar.png in Resources */ = {isa = PBXBuildFile; fileRef = 14916E8D2639D1F5009D8236 /* cerrar.png */; };
		4E7F1D42D746537D00F82677 /* Pods_Eduflix_EduflixUITests.framework in Frameworks */ = {isa = PBXBuildFile; fileRef = C4133C6AC418399CDAE98251 /* Pods_Eduflix_EduflixUITests.framework */; };
		7242F052CA98E11F579C74B9 /* Pods_Eduflix.framework in Frameworks */ = {isa = PBXBuildFile; fileRef = 3CDA416B5440B4DCB373180E /* Pods_Eduflix.framework */; };
		DEFADE02E357C9E416B4ED60 /* Pods_EduflixTests.framework in Frameworks */ = {isa = PBXBuildFile; fileRef = F0A54AD6792B5FE874305197 /* Pods_EduflixTests.framework */; };
/* End PBXBuildFile section */

/* Begin PBXContainerItemProxy section */
		148F8B652636FDC400DF6547 /* PBXContainerItemProxy */ = {
			isa = PBXContainerItemProxy;
			containerPortal = 148F8B462636FDBD00DF6547 /* Project object */;
			proxyType = 1;
			remoteGlobalIDString = 148F8B4D2636FDBE00DF6547;
			remoteInfo = Eduflix;
		};
		148F8B702636FDC400DF6547 /* PBXContainerItemProxy */ = {
			isa = PBXContainerItemProxy;
			containerPortal = 148F8B462636FDBD00DF6547 /* Project object */;
			proxyType = 1;
			remoteGlobalIDString = 148F8B4D2636FDBE00DF6547;
			remoteInfo = Eduflix;
		};
/* End PBXContainerItemProxy section */

/* Begin PBXFileReference section */
		1411781B267A64CE0020800B /* MensajeDetallesViewController.swift */ = {isa = PBXFileReference; lastKnownFileType = sourcecode.swift; path = MensajeDetallesViewController.swift; sourceTree = "<group>"; };
		1411781F267A7D3C0020800B /* MensajesDetalleCollectionViewCell.swift */ = {isa = PBXFileReference; lastKnownFileType = sourcecode.swift; path = MensajesDetalleCollectionViewCell.swift; sourceTree = "<group>"; };
		14117821267AA0150020800B /* Kingfisher.framework */ = {isa = PBXFileReference; explicitFileType = wrapper.framework; path = Kingfisher.framework; sourceTree = BUILT_PRODUCTS_DIR; };
		14117825267AA0D10020800B /* Kingfisher.framework */ = {isa = PBXFileReference; explicitFileType = wrapper.framework; path = Kingfisher.framework; sourceTree = BUILT_PRODUCTS_DIR; };
		14117828267AC3180020800B /* Eduflix.entitlements */ = {isa = PBXFileReference; lastKnownFileType = text.plist.entitlements; path = Eduflix.entitlements; sourceTree = "<group>"; };
		14117829267C09F00020800B /* DetallecalificacionesViewController.swift */ = {isa = PBXFileReference; lastKnownFileType = sourcecode.swift; path = DetallecalificacionesViewController.swift; sourceTree = "<group>"; };
		141D88CC26819363003A665C /* mail.png */ = {isa = PBXFileReference; lastKnownFileType = image.png; name = mail.png; path = "../../../../../Downloads/drive-download-20210622T034016Z-001/mail.png"; sourceTree = "<group>"; };
		141D88CD26819364003A665C /* logo.png */ = {isa = PBXFileReference; lastKnownFileType = image.png; name = logo.png; path = "../../../../../Downloads/drive-download-20210622T034016Z-001/logo.png"; sourceTree = "<group>"; };
		141D88CE26819364003A665C /* lock.png */ = {isa = PBXFileReference; lastKnownFileType = image.png; name = lock.png; path = "../../../../../Downloads/drive-download-20210622T034016Z-001/lock.png"; sourceTree = "<group>"; };
		141D88CF26819365003A665C /* login.png */ = {isa = PBXFileReference; lastKnownFileType = image.png; name = login.png; path = "../../../../../Downloads/drive-download-20210622T034016Z-001/login.png"; sourceTree = "<group>"; };
		141D88D026819366003A665C /* header-login.png */ = {isa = PBXFileReference; lastKnownFileType = image.png; name = "header-login.png"; path = "../../../../../Downloads/drive-download-20210622T034016Z-001/header-login.png"; sourceTree = "<group>"; };
		141D88D726819EB8003A665C /* HomeViewController.swift */ = {isa = PBXFileReference; lastKnownFileType = sourcecode.swift; path = HomeViewController.swift; sourceTree = "<group>"; };
		141D88D92681A3A9003A665C /* HomeCollectionViewCell.swift */ = {isa = PBXFileReference; lastKnownFileType = sourcecode.swift; path = HomeCollectionViewCell.swift; sourceTree = "<group>"; };
		141D88DB2681A7C2003A665C /* icon_calificaciones_41.png */ = {isa = PBXFileReference; lastKnownFileType = image.png; name = icon_calificaciones_41.png; path = "../../../../../Downloads/drive-download-20210622T043643Z-001/icon_calificaciones_41.png"; sourceTree = "<group>"; };
		141D88DC2681A7C3003A665C /* icon_conferencia_41.png */ = {isa = PBXFileReference; lastKnownFileType = image.png; name = icon_conferencia_41.png; path = "../../../../../Downloads/drive-download-20210622T043643Z-001/icon_conferencia_41.png"; sourceTree = "<group>"; };
		141D88DD2681A7C4003A665C /* vector-bg.png */ = {isa = PBXFileReference; lastKnownFileType = image.png; name = "vector-bg.png"; path = "../../../../../Downloads/drive-download-20210622T043643Z-001/vector-bg.png"; sourceTree = "<group>"; };
		141D88DE2681A7C5003A665C /* icon_mensajes_41.png */ = {isa = PBXFileReference; lastKnownFileType = image.png; name = icon_mensajes_41.png; path = "../../../../../Downloads/drive-download-20210622T043643Z-001/icon_mensajes_41.png"; sourceTree = "<group>"; };
		141D88E326822F18003A665C /* bell.png */ = {isa = PBXFileReference; lastKnownFileType = image.png; name = bell.png; path = "../../../../../Downloads/drive-download-20210622T144024Z-001/bell.png"; sourceTree = "<group>"; };
		141D88E426822F1D003A665C /* Line.png */ = {isa = PBXFileReference; lastKnownFileType = image.png; name = Line.png; path = "../../../../../Downloads/drive-download-20210622T144024Z-001/Line.png"; sourceTree = "<group>"; };
		141D88E526822F1E003A665C /* Triangle.png */ = {isa = PBXFileReference; lastKnownFileType = image.png; name = Triangle.png; path = "../../../../../Downloads/drive-download-20210622T144024Z-001/Triangle.png"; sourceTree = "<group>"; };
		141D88E626822F1F003A665C /* Ellipse-2.png */ = {isa = PBXFileReference; lastKnownFileType = image.png; name = "Ellipse-2.png"; path = "../../../../../Downloads/drive-download-20210622T144024Z-001/Ellipse-2.png"; sourceTree = "<group>"; };
		14321E66268515880009022F /* RNCryptor.framework */ = {isa = PBXFileReference; explicitFileType = wrapper.framework; path = RNCryptor.framework; sourceTree = BUILT_PRODUCTS_DIR; };
		14321E67268515880009022F /* SideMenu.framework */ = {isa = PBXFileReference; explicitFileType = wrapper.framework; path = SideMenu.framework; sourceTree = BUILT_PRODUCTS_DIR; };
		146C3904267CFADF004C80A6 /* NotificacionesTableViewCell.swift */ = {isa = PBXFileReference; lastKnownFileType = sourcecode.swift; path = NotificacionesTableViewCell.swift; sourceTree = "<group>"; };
		146D025926829000001588D7 /* emailinput.png */ = {isa = PBXFileReference; lastKnownFileType = image.png; name = emailinput.png; path = ../../../../../Desktop/emailinput.png; sourceTree = "<group>"; };
		146D025B268292CF001588D7 /* password.psd */ = {isa = PBXFileReference; lastKnownFileType = file; name = password.psd; path = ../../../../../Desktop/password.psd; sourceTree = "<group>"; };
		146D025C2682932B001588D7 /* passwordinput.png */ = {isa = PBXFileReference; lastKnownFileType = image.png; name = passwordinput.png; path = ../../../../../Desktop/passwordinput.png; sourceTree = "<group>"; };
		146D025E26829472001588D7 /* faceook.png */ = {isa = PBXFileReference; lastKnownFileType = image.png; name = faceook.png; path = ../../../../../Desktop/faceook.png; sourceTree = "<group>"; };
		146D025F26829473001588D7 /* googlebtn.png */ = {isa = PBXFileReference; lastKnownFileType = image.png; name = googlebtn.png; path = ../../../../../Desktop/googlebtn.png; sourceTree = "<group>"; };
		146D026226829B4F001588D7 /* CalifivacionTableViewCell.swift */ = {isa = PBXFileReference; lastKnownFileType = sourcecode.swift; path = CalifivacionTableViewCell.swift; sourceTree = "<group>"; };
		146D02642682B629001588D7 /* SideMenu.framework */ = {isa = PBXFileReference; explicitFileType = wrapper.framework; path = SideMenu.framework; sourceTree = BUILT_PRODUCTS_DIR; };
		146D02692682BB63001588D7 /* SideMenuTableViewController.swift */ = {isa = PBXFileReference; lastKnownFileType = sourcecode.swift; path = SideMenuTableViewController.swift; sourceTree = "<group>"; };
		146D026D2682E1B6001588D7 /* NoticiaViewController.swift */ = {isa = PBXFileReference; lastKnownFileType = sourcecode.swift; path = NoticiaViewController.swift; sourceTree = "<group>"; };
		146D026F2682E55F001588D7 /* ConferenciadetalleViewController.swift */ = {isa = PBXFileReference; lastKnownFileType = sourcecode.swift; path = ConferenciadetalleViewController.swift; sourceTree = "<group>"; };
		148F8B4E2636FDBE00DF6547 /* Eduflix.app */ = {isa = PBXFileReference; explicitFileType = wrapper.application; includeInIndex = 0; path = Eduflix.app; sourceTree = BUILT_PRODUCTS_DIR; };
		148F8B512636FDBE00DF6547 /* AppDelegate.swift */ = {isa = PBXFileReference; lastKnownFileType = sourcecode.swift; path = AppDelegate.swift; sourceTree = "<group>"; };
		148F8B532636FDBE00DF6547 /* SceneDelegate.swift */ = {isa = PBXFileReference; lastKnownFileType = sourcecode.swift; path = SceneDelegate.swift; sourceTree = "<group>"; };
		148F8B552636FDBE00DF6547 /* ViewController.swift */ = {isa = PBXFileReference; lastKnownFileType = sourcecode.swift; path = ViewController.swift; sourceTree = "<group>"; };
		148F8B582636FDBE00DF6547 /* Base */ = {isa = PBXFileReference; lastKnownFileType = file.storyboard; name = Base; path = Base.lproj/Main.storyboard; sourceTree = "<group>"; };
		148F8B5A2636FDC300DF6547 /* Assets.xcassets */ = {isa = PBXFileReference; lastKnownFileType = folder.assetcatalog; path = Assets.xcassets; sourceTree = "<group>"; };
		148F8B5D2636FDC300DF6547 /* Base */ = {isa = PBXFileReference; lastKnownFileType = file.storyboard; name = Base; path = Base.lproj/LaunchScreen.storyboard; sourceTree = "<group>"; };
		148F8B5F2636FDC300DF6547 /* Info.plist */ = {isa = PBXFileReference; lastKnownFileType = text.plist.xml; path = Info.plist; sourceTree = "<group>"; };
		148F8B642636FDC400DF6547 /* EduflixTests.xctest */ = {isa = PBXFileReference; explicitFileType = wrapper.cfbundle; includeInIndex = 0; path = EduflixTests.xctest; sourceTree = BUILT_PRODUCTS_DIR; };
		148F8B682636FDC400DF6547 /* EduflixTests.swift */ = {isa = PBXFileReference; lastKnownFileType = sourcecode.swift; path = EduflixTests.swift; sourceTree = "<group>"; };
		148F8B6A2636FDC400DF6547 /* Info.plist */ = {isa = PBXFileReference; lastKnownFileType = text.plist.xml; path = Info.plist; sourceTree = "<group>"; };
		148F8B6F2636FDC400DF6547 /* EduflixUITests.xctest */ = {isa = PBXFileReference; explicitFileType = wrapper.cfbundle; includeInIndex = 0; path = EduflixUITests.xctest; sourceTree = BUILT_PRODUCTS_DIR; };
		148F8B732636FDC400DF6547 /* EduflixUITests.swift */ = {isa = PBXFileReference; lastKnownFileType = sourcecode.swift; path = EduflixUITests.swift; sourceTree = "<group>"; };
		148F8B752636FDC400DF6547 /* Info.plist */ = {isa = PBXFileReference; lastKnownFileType = text.plist.xml; path = Info.plist; sourceTree = "<group>"; };
		148F8B852636FF0400DF6547 /* calificaciones.png */ = {isa = PBXFileReference; lastKnownFileType = image.png; path = calificaciones.png; sourceTree = "<group>"; };
		148F8B862636FF0500DF6547 /* gmail.png */ = {isa = PBXFileReference; lastKnownFileType = image.png; path = gmail.png; sourceTree = "<group>"; };
		148F8B872636FF0600DF6547 /* Sign In.png */ = {isa = PBXFileReference; lastKnownFileType = image.png; path = "Sign In.png"; sourceTree = "<group>"; };
		148F8B882636FF0600DF6547 /* telefono.png */ = {isa = PBXFileReference; lastKnownFileType = image.png; path = telefono.png; sourceTree = "<group>"; };
		148F8B892636FF0600DF6547 /* recuperar.png */ = {isa = PBXFileReference; lastKnownFileType = image.png; path = recuperar.png; sourceTree = "<group>"; };
		148F8B8A2636FF0600DF6547 /* cuadronotif.png */ = {isa = PBXFileReference; lastKnownFileType = image.png; path = cuadronotif.png; sourceTree = "<group>"; };
		148F8B8B2636FF0700DF6547 /* correo.png */ = {isa = PBXFileReference; lastKnownFileType = image.png; path = correo.png; sourceTree = "<group>"; };
		148F8B8C2636FF0700DF6547 /* Customer Info.png */ = {isa = PBXFileReference; lastKnownFileType = image.png; path = "Customer Info.png"; sourceTree = "<group>"; };
		148F8B8D2636FF0700DF6547 /* Categories.png */ = {isa = PBXFileReference; lastKnownFileType = image.png; path = Categories.png; sourceTree = "<group>"; };
		148F8B8E2636FF0700DF6547 /* ingresar.png */ = {isa = PBXFileReference; lastKnownFileType = image.png; path = ingresar.png; sourceTree = "<group>"; };
		148F8B8F2636FF0800DF6547 /* Onboarding_1.png */ = {isa = PBXFileReference; lastKnownFileType = image.png; path = Onboarding_1.png; sourceTree = "<group>"; };
		148F8B902636FF0800DF6547 /* regresar.png */ = {isa = PBXFileReference; lastKnownFileType = image.png; path = regresar.png; sourceTree = "<group>"; };
		148F8B912636FF0900DF6547 /* Profile.png */ = {isa = PBXFileReference; lastKnownFileType = image.png; path = Profile.png; sourceTree = "<group>"; };
		148F8B922636FF0900DF6547 /* conferencia.png */ = {isa = PBXFileReference; lastKnownFileType = image.png; path = conferencia.png; sourceTree = "<group>"; };
		148F8B932636FF0A00DF6547 /* Sign In – 1.png */ = {isa = PBXFileReference; lastKnownFileType = image.png; path = "Sign In – 1.png"; sourceTree = "<group>"; };
		148F8B942636FF0B00DF6547 /* paloma.png */ = {isa = PBXFileReference; lastKnownFileType = image.png; path = paloma.png; sourceTree = "<group>"; };
		148F8B952636FF0B00DF6547 /* palomablanca.png */ = {isa = PBXFileReference; lastKnownFileType = image.png; path = palomablanca.png; sourceTree = "<group>"; };
		148F8B962636FF0B00DF6547 /* cursos.png */ = {isa = PBXFileReference; lastKnownFileType = image.png; path = cursos.png; sourceTree = "<group>"; };
		148F8B972636FF0C00DF6547 /* log.png */ = {isa = PBXFileReference; lastKnownFileType = image.png; path = log.png; sourceTree = "<group>"; };
		148F8B982636FF0C00DF6547 /* bgperfil.png */ = {isa = PBXFileReference; lastKnownFileType = image.png; path = bgperfil.png; sourceTree = "<group>"; };
		148F8B992636FF0D00DF6547 /* Construction works.png */ = {isa = PBXFileReference; lastKnownFileType = image.png; path = "Construction works.png"; sourceTree = "<group>"; };
		148F8B9A2636FF0E00DF6547 /* notificaciones.png */ = {isa = PBXFileReference; lastKnownFileType = image.png; path = notificaciones.png; sourceTree = "<group>"; };
		148F8B9B2636FF0E00DF6547 /* mensajes.png */ = {isa = PBXFileReference; lastKnownFileType = image.png; path = mensajes.png; sourceTree = "<group>"; };
		148F8B9C2636FF0E00DF6547 /* perfil.png */ = {isa = PBXFileReference; lastKnownFileType = image.png; path = perfil.png; sourceTree = "<group>"; };
		148F8B9D2636FF0F00DF6547 /* Onboarding_4.png */ = {isa = PBXFileReference; lastKnownFileType = image.png; path = Onboarding_4.png; sourceTree = "<group>"; };
		148F8B9E2636FF1000DF6547 /* home.png */ = {isa = PBXFileReference; lastKnownFileType = image.png; path = home.png; sourceTree = "<group>"; };
		148F8B9F2636FF1000DF6547 /* Settings.png */ = {isa = PBXFileReference; lastKnownFileType = image.png; path = Settings.png; sourceTree = "<group>"; };
		148F8BA02636FF1000DF6547 /* Notification.png */ = {isa = PBXFileReference; lastKnownFileType = image.png; path = Notification.png; sourceTree = "<group>"; };
		148F8BC02637089B00DF6547 /* usuario.png */ = {isa = PBXFileReference; lastKnownFileType = image.png; path = usuario.png; sourceTree = "<group>"; };
		148F8BC1263708A100DF6547 /* bmensaje.png */ = {isa = PBXFileReference; lastKnownFileType = image.png; path = bmensaje.png; sourceTree = "<group>"; };
		148F8BC2263708A200DF6547 /* blist.png */ = {isa = PBXFileReference; lastKnownFileType = image.png; path = blist.png; sourceTree = "<group>"; };
		148F8BC3263708A200DF6547 /* bhome.png */ = {isa = PBXFileReference; lastKnownFileType = image.png; path = bhome.png; sourceTree = "<group>"; };
		148F8BC4263708A300DF6547 /* blapiz.png */ = {isa = PBXFileReference; lastKnownFileType = image.png; path = blapiz.png; sourceTree = "<group>"; };
		148F8BCD263709D400DF6547 /* bcurso.png */ = {isa = PBXFileReference; lastKnownFileType = image.png; path = bcurso.png; sourceTree = "<group>"; };
		148F8BD226370CD400DF6547 /* LoginViewController.swift */ = {isa = PBXFileReference; lastKnownFileType = sourcecode.swift; path = LoginViewController.swift; sourceTree = "<group>"; };
		148F8BD726370D1200DF6547 /* InicioViewController.swift */ = {isa = PBXFileReference; lastKnownFileType = sourcecode.swift; path = InicioViewController.swift; sourceTree = "<group>"; };
		148F8BDC26370D2100DF6547 /* ConferenciaViewController.swift */ = {isa = PBXFileReference; lastKnownFileType = sourcecode.swift; path = ConferenciaViewController.swift; sourceTree = "<group>"; };
		148F8BE126370D2D00DF6547 /* CalificacionViewController.swift */ = {isa = PBXFileReference; lastKnownFileType = sourcecode.swift; path = CalificacionViewController.swift; sourceTree = "<group>"; };
		148F8BE626370D3D00DF6547 /* PerfilViewController.swift */ = {isa = PBXFileReference; lastKnownFileType = sourcecode.swift; path = PerfilViewController.swift; sourceTree = "<group>"; };
		148F8BEB26370D4D00DF6547 /* MensajesViewController.swift */ = {isa = PBXFileReference; lastKnownFileType = sourcecode.swift; path = MensajesViewController.swift; sourceTree = "<group>"; };
		148F8BF026370E9100DF6547 /* CursosViewController.swift */ = {isa = PBXFileReference; lastKnownFileType = sourcecode.swift; path = CursosViewController.swift; sourceTree = "<group>"; };
		148F8BF52637108E00DF6547 /* launch.png */ = {isa = PBXFileReference; lastKnownFileType = image.png; path = launch.png; sourceTree = "<group>"; };
		148F8BFA263717B100DF6547 /* noticiasCollectionViewCell.swift */ = {isa = PBXFileReference; lastKnownFileType = sourcecode.swift; path = noticiasCollectionViewCell.swift; sourceTree = "<group>"; };
		148F8BFF26371FE200DF6547 /* siguiente.png */ = {isa = PBXFileReference; lastKnownFileType = image.png; path = siguiente.png; sourceTree = "<group>"; };
		148F8C1026373D5B00DF6547 /* ContraViewController.swift */ = {isa = PBXFileReference; lastKnownFileType = sourcecode.swift; path = ContraViewController.swift; sourceTree = "<group>"; };
		148F8C1626373DA000DF6547 /* ConferenciaCollectionViewCell.swift */ = {isa = PBXFileReference; lastKnownFileType = sourcecode.swift; path = ConferenciaCollectionViewCell.swift; sourceTree = "<group>"; };
		148F8C212637403200DF6547 /* CalificacionCollectionViewCell.swift */ = {isa = PBXFileReference; lastKnownFileType = sourcecode.swift; path = CalificacionCollectionViewCell.swift; sourceTree = "<group>"; };
		148F8C2D2637407000DF6547 /* MensajesCollectionViewCell.swift */ = {isa = PBXFileReference; lastKnownFileType = sourcecode.swift; path = MensajesCollectionViewCell.swift; sourceTree = "<group>"; };
		148F8C332637472500DF6547 /* Conexion.swift */ = {isa = PBXFileReference; lastKnownFileType = sourcecode.swift; path = Conexion.swift; sourceTree = "<group>"; };
		148F8C382637474000DF6547 /* Conexionput.swift */ = {isa = PBXFileReference; lastKnownFileType = sourcecode.swift; path = Conexionput.swift; sourceTree = "<group>"; };
		148F8C3D2637475900DF6547 /* ConexionPost.swift */ = {isa = PBXFileReference; lastKnownFileType = sourcecode.swift; path = ConexionPost.swift; sourceTree = "<group>"; };
		148F8C4226374E7D00DF6547 /* GoogleService-Info.plist */ = {isa = PBXFileReference; fileEncoding = 4; lastKnownFileType = text.plist.xml; path = "GoogleService-Info.plist"; sourceTree = "<group>"; };
		148F8C5D263751F100DF6547 /* NotificacionesViewController.swift */ = {isa = PBXFileReference; lastKnownFileType = sourcecode.swift; path = NotificacionesViewController.swift; sourceTree = "<group>"; };
		14916E882639CE88009D8236 /* font */ = {isa = PBXFileReference; lastKnownFileType = folder; path = font; sourceTree = "<group>"; };
		14916E8D2639D1F5009D8236 /* cerrar.png */ = {isa = PBXFileReference; lastKnownFileType = image.png; path = cerrar.png; sourceTree = "<group>"; };
		3773B5219B3E752D70F9A0FD /* Pods-Eduflix.release.xcconfig */ = {isa = PBXFileReference; includeInIndex = 1; lastKnownFileType = text.xcconfig; name = "Pods-Eduflix.release.xcconfig"; path = "Target Support Files/Pods-Eduflix/Pods-Eduflix.release.xcconfig"; sourceTree = "<group>"; };
		3CDA416B5440B4DCB373180E /* Pods_Eduflix.framework */ = {isa = PBXFileReference; explicitFileType = wrapper.framework; includeInIndex = 0; path = Pods_Eduflix.framework; sourceTree = BUILT_PRODUCTS_DIR; };
		63921193CA8F95E8354724BA /* Pods-Eduflix-EduflixUITests.debug.xcconfig */ = {isa = PBXFileReference; includeInIndex = 1; lastKnownFileType = text.xcconfig; name = "Pods-Eduflix-EduflixUITests.debug.xcconfig"; path = "Target Support Files/Pods-Eduflix-EduflixUITests/Pods-Eduflix-EduflixUITests.debug.xcconfig"; sourceTree = "<group>"; };
		68B12AD3D42B14B23CB0F632 /* Pods-Eduflix-EduflixUITests.release.xcconfig */ = {isa = PBXFileReference; includeInIndex = 1; lastKnownFileType = text.xcconfig; name = "Pods-Eduflix-EduflixUITests.release.xcconfig"; path = "Target Support Files/Pods-Eduflix-EduflixUITests/Pods-Eduflix-EduflixUITests.release.xcconfig"; sourceTree = "<group>"; };
		B6B8D140F014ABB6B841739D /* Pods-EduflixTests.debug.xcconfig */ = {isa = PBXFileReference; includeInIndex = 1; lastKnownFileType = text.xcconfig; name = "Pods-EduflixTests.debug.xcconfig"; path = "Target Support Files/Pods-EduflixTests/Pods-EduflixTests.debug.xcconfig"; sourceTree = "<group>"; };
		C4133C6AC418399CDAE98251 /* Pods_Eduflix_EduflixUITests.framework */ = {isa = PBXFileReference; explicitFileType = wrapper.framework; includeInIndex = 0; path = Pods_Eduflix_EduflixUITests.framework; sourceTree = BUILT_PRODUCTS_DIR; };
		CCAD724EAF07FF10C1A53A98 /* Pods-EduflixTests.release.xcconfig */ = {isa = PBXFileReference; includeInIndex = 1; lastKnownFileType = text.xcconfig; name = "Pods-EduflixTests.release.xcconfig"; path = "Target Support Files/Pods-EduflixTests/Pods-EduflixTests.release.xcconfig"; sourceTree = "<group>"; };
		F0A54AD6792B5FE874305197 /* Pods_EduflixTests.framework */ = {isa = PBXFileReference; explicitFileType = wrapper.framework; includeInIndex = 0; path = Pods_EduflixTests.framework; sourceTree = BUILT_PRODUCTS_DIR; };
		FD1F4A6A62994007B45A292C /* Pods-Eduflix.debug.xcconfig */ = {isa = PBXFileReference; includeInIndex = 1; lastKnownFileType = text.xcconfig; name = "Pods-Eduflix.debug.xcconfig"; path = "Target Support Files/Pods-Eduflix/Pods-Eduflix.debug.xcconfig"; sourceTree = "<group>"; };
/* End PBXFileReference section */

/* Begin PBXFrameworksBuildPhase section */
		148F8B4B2636FDBE00DF6547 /* Frameworks */ = {
			isa = PBXFrameworksBuildPhase;
			buildActionMask = 2147483647;
			files = (
				14117822267AA0150020800B /* Kingfisher.framework in Frameworks */,
				14321E6A268515880009022F /* SideMenu.framework in Frameworks */,
				14117826267AA0D10020800B /* Kingfisher.framework in Frameworks */,
				14321E6F26855AAC0009022F /* AESCryptable in Frameworks */,
				14321E68268515880009022F /* RNCryptor.framework in Frameworks */,
				7242F052CA98E11F579C74B9 /* Pods_Eduflix.framework in Frameworks */,
				14321E72268564960009022F /* CryptoSwift in Frameworks */,
			);
			runOnlyForDeploymentPostprocessing = 0;
		};
		148F8B612636FDC400DF6547 /* Frameworks */ = {
			isa = PBXFrameworksBuildPhase;
			buildActionMask = 2147483647;
			files = (
				DEFADE02E357C9E416B4ED60 /* Pods_EduflixTests.framework in Frameworks */,
			);
			runOnlyForDeploymentPostprocessing = 0;
		};
		148F8B6C2636FDC400DF6547 /* Frameworks */ = {
			isa = PBXFrameworksBuildPhase;
			buildActionMask = 2147483647;
			files = (
				4E7F1D42D746537D00F82677 /* Pods_Eduflix_EduflixUITests.framework in Frameworks */,
			);
			runOnlyForDeploymentPostprocessing = 0;
		};
/* End PBXFrameworksBuildPhase section */

/* Begin PBXGroup section */
		141D88D626819E72003A665C /* Home */ = {
			isa = PBXGroup;
			children = (
				141D88D726819EB8003A665C /* HomeViewController.swift */,
				141D88D92681A3A9003A665C /* HomeCollectionViewCell.swift */,
			);
			path = Home;
			sourceTree = "<group>";
		};
		146D02682682BB32001588D7 /* sidemenu */ = {
			isa = PBXGroup;
			children = (
				146D02692682BB63001588D7 /* SideMenuTableViewController.swift */,
			);
			path = sidemenu;
			sourceTree = "<group>";
		};
		148F8B452636FDBD00DF6547 = {
			isa = PBXGroup;
			children = (
				148F8B502636FDBE00DF6547 /* Eduflix */,
				148F8B672636FDC400DF6547 /* EduflixTests */,
				148F8B722636FDC400DF6547 /* EduflixUITests */,
				148F8B4F2636FDBE00DF6547 /* Products */,
				6E5352DA1D73883D50941AB6 /* Pods */,
				DCC56BBEED43CE4F5F503D05 /* Frameworks */,
			);
			sourceTree = "<group>";
		};
		148F8B4F2636FDBE00DF6547 /* Products */ = {
			isa = PBXGroup;
			children = (
				148F8B4E2636FDBE00DF6547 /* Eduflix.app */,
				148F8B642636FDC400DF6547 /* EduflixTests.xctest */,
				148F8B6F2636FDC400DF6547 /* EduflixUITests.xctest */,
			);
			name = Products;
			sourceTree = "<group>";
		};
		148F8B502636FDBE00DF6547 /* Eduflix */ = {
			isa = PBXGroup;
			children = (
				146D02682682BB32001588D7 /* sidemenu */,
				141D88D626819E72003A665C /* Home */,
				14117828267AC3180020800B /* Eduflix.entitlements */,
				14916E882639CE88009D8236 /* font */,
				148F8C5C263751D700DF6547 /* Notificaciones */,
				148F8C4226374E7D00DF6547 /* GoogleService-Info.plist */,
				148F8C322637471100DF6547 /* Conexiones */,
				148F8C292637406100DF6547 /* Mensajes */,
				148F8C1F2637401A00DF6547 /* Calificacion */,
				148F8C1B26373DA800DF6547 /* Conferencia */,
				148F8C1526373D7C00DF6547 /* inicio */,
				148F8C0426373D1200DF6547 /* login */,
				148F8B842636FEF900DF6547 /* img */,
				148F8B512636FDBE00DF6547 /* AppDelegate.swift */,
				148F8B532636FDBE00DF6547 /* SceneDelegate.swift */,
				148F8B552636FDBE00DF6547 /* ViewController.swift */,
				148F8B572636FDBE00DF6547 /* Main.storyboard */,
				148F8B5A2636FDC300DF6547 /* Assets.xcassets */,
				148F8B5C2636FDC300DF6547 /* LaunchScreen.storyboard */,
				148F8B5F2636FDC300DF6547 /* Info.plist */,
				148F8BE626370D3D00DF6547 /* PerfilViewController.swift */,
				148F8BF026370E9100DF6547 /* CursosViewController.swift */,
			);
			path = Eduflix;
			sourceTree = "<group>";
		};
		148F8B672636FDC400DF6547 /* EduflixTests */ = {
			isa = PBXGroup;
			children = (
				148F8B682636FDC400DF6547 /* EduflixTests.swift */,
				148F8B6A2636FDC400DF6547 /* Info.plist */,
			);
			path = EduflixTests;
			sourceTree = "<group>";
		};
		148F8B722636FDC400DF6547 /* EduflixUITests */ = {
			isa = PBXGroup;
			children = (
				148F8B732636FDC400DF6547 /* EduflixUITests.swift */,
				148F8B752636FDC400DF6547 /* Info.plist */,
			);
			path = EduflixUITests;
			sourceTree = "<group>";
		};
		148F8B842636FEF900DF6547 /* img */ = {
			isa = PBXGroup;
			children = (
				146D025E26829472001588D7 /* faceook.png */,
				146D025F26829473001588D7 /* googlebtn.png */,
				146D025C2682932B001588D7 /* passwordinput.png */,
				146D025B268292CF001588D7 /* password.psd */,
				146D025926829000001588D7 /* emailinput.png */,
				141D88E326822F18003A665C /* bell.png */,
				141D88E626822F1F003A665C /* Ellipse-2.png */,
				141D88E426822F1D003A665C /* Line.png */,
				141D88E526822F1E003A665C /* Triangle.png */,
				141D88DB2681A7C2003A665C /* icon_calificaciones_41.png */,
				141D88DC2681A7C3003A665C /* icon_conferencia_41.png */,
				141D88DE2681A7C5003A665C /* icon_mensajes_41.png */,
				141D88DD2681A7C4003A665C /* vector-bg.png */,
				141D88D026819366003A665C /* header-login.png */,
				141D88CE26819364003A665C /* lock.png */,
				141D88CF26819365003A665C /* login.png */,
				141D88CD26819364003A665C /* logo.png */,
				141D88CC26819363003A665C /* mail.png */,
				14916E8D2639D1F5009D8236 /* cerrar.png */,
				148F8BFF26371FE200DF6547 /* siguiente.png */,
				148F8BF52637108E00DF6547 /* launch.png */,
				148F8BC3263708A200DF6547 /* bhome.png */,
				148F8BCD263709D400DF6547 /* bcurso.png */,
				148F8BC4263708A300DF6547 /* blapiz.png */,
				148F8BC2263708A200DF6547 /* blist.png */,
				148F8BC1263708A100DF6547 /* bmensaje.png */,
				148F8BC02637089B00DF6547 /* usuario.png */,
				148F8B982636FF0C00DF6547 /* bgperfil.png */,
				148F8B852636FF0400DF6547 /* calificaciones.png */,
				148F8B8D2636FF0700DF6547 /* Categories.png */,
				148F8B922636FF0900DF6547 /* conferencia.png */,
				148F8B992636FF0D00DF6547 /* Construction works.png */,
				148F8B8B2636FF0700DF6547 /* correo.png */,
				148F8B8A2636FF0600DF6547 /* cuadronotif.png */,
				148F8B962636FF0B00DF6547 /* cursos.png */,
				148F8B8C2636FF0700DF6547 /* Customer Info.png */,
				148F8B862636FF0500DF6547 /* gmail.png */,
				148F8B9E2636FF1000DF6547 /* home.png */,
				148F8B8E2636FF0700DF6547 /* ingresar.png */,
				148F8B972636FF0C00DF6547 /* log.png */,
				148F8B9B2636FF0E00DF6547 /* mensajes.png */,
				148F8B9A2636FF0E00DF6547 /* notificaciones.png */,
				148F8BA02636FF1000DF6547 /* Notification.png */,
				148F8B8F2636FF0800DF6547 /* Onboarding_1.png */,
				148F8B9D2636FF0F00DF6547 /* Onboarding_4.png */,
				148F8B942636FF0B00DF6547 /* paloma.png */,
				148F8B952636FF0B00DF6547 /* palomablanca.png */,
				148F8B9C2636FF0E00DF6547 /* perfil.png */,
				148F8B912636FF0900DF6547 /* Profile.png */,
				148F8B892636FF0600DF6547 /* recuperar.png */,
				148F8B902636FF0800DF6547 /* regresar.png */,
				148F8B9F2636FF1000DF6547 /* Settings.png */,
				148F8B932636FF0A00DF6547 /* Sign In – 1.png */,
				148F8B872636FF0600DF6547 /* Sign In.png */,
				148F8B882636FF0600DF6547 /* telefono.png */,
			);
			path = img;
			sourceTree = "<group>";
		};
		148F8C0426373D1200DF6547 /* login */ = {
			isa = PBXGroup;
			children = (
				148F8BD226370CD400DF6547 /* LoginViewController.swift */,
				148F8C1026373D5B00DF6547 /* ContraViewController.swift */,
			);
			path = login;
			sourceTree = "<group>";
		};
		148F8C1526373D7C00DF6547 /* inicio */ = {
			isa = PBXGroup;
			children = (
				146D026D2682E1B6001588D7 /* NoticiaViewController.swift */,
				148F8BD726370D1200DF6547 /* InicioViewController.swift */,
				148F8BFA263717B100DF6547 /* noticiasCollectionViewCell.swift */,
			);
			path = inicio;
			sourceTree = "<group>";
		};
		148F8C1B26373DA800DF6547 /* Conferencia */ = {
			isa = PBXGroup;
			children = (
				148F8C1626373DA000DF6547 /* ConferenciaCollectionViewCell.swift */,
				148F8BDC26370D2100DF6547 /* ConferenciaViewController.swift */,
				146D026F2682E55F001588D7 /* ConferenciadetalleViewController.swift */,
			);
			path = Conferencia;
			sourceTree = "<group>";
		};
		148F8C1F2637401A00DF6547 /* Calificacion */ = {
			isa = PBXGroup;
			children = (
				148F8BE126370D2D00DF6547 /* CalificacionViewController.swift */,
				148F8C212637403200DF6547 /* CalificacionCollectionViewCell.swift */,
				14117829267C09F00020800B /* DetallecalificacionesViewController.swift */,
				146D026226829B4F001588D7 /* CalifivacionTableViewCell.swift */,
			);
			path = Calificacion;
			sourceTree = "<group>";
		};
		148F8C292637406100DF6547 /* Mensajes */ = {
			isa = PBXGroup;
			children = (
				148F8BEB26370D4D00DF6547 /* MensajesViewController.swift */,
				148F8C2D2637407000DF6547 /* MensajesCollectionViewCell.swift */,
				1411781B267A64CE0020800B /* MensajeDetallesViewController.swift */,
				1411781F267A7D3C0020800B /* MensajesDetalleCollectionViewCell.swift */,
			);
			path = Mensajes;
			sourceTree = "<group>";
		};
		148F8C322637471100DF6547 /* Conexiones */ = {
			isa = PBXGroup;
			children = (
				148F8C332637472500DF6547 /* Conexion.swift */,
				148F8C382637474000DF6547 /* Conexionput.swift */,
				148F8C3D2637475900DF6547 /* ConexionPost.swift */,
			);
			path = Conexiones;
			sourceTree = "<group>";
		};
		148F8C5C263751D700DF6547 /* Notificaciones */ = {
			isa = PBXGroup;
			children = (
				148F8C5D263751F100DF6547 /* NotificacionesViewController.swift */,
				146C3904267CFADF004C80A6 /* NotificacionesTableViewCell.swift */,
			);
			path = Notificaciones;
			sourceTree = "<group>";
		};
		6E5352DA1D73883D50941AB6 /* Pods */ = {
			isa = PBXGroup;
			children = (
				FD1F4A6A62994007B45A292C /* Pods-Eduflix.debug.xcconfig */,
				3773B5219B3E752D70F9A0FD /* Pods-Eduflix.release.xcconfig */,
				63921193CA8F95E8354724BA /* Pods-Eduflix-EduflixUITests.debug.xcconfig */,
				68B12AD3D42B14B23CB0F632 /* Pods-Eduflix-EduflixUITests.release.xcconfig */,
				B6B8D140F014ABB6B841739D /* Pods-EduflixTests.debug.xcconfig */,
				CCAD724EAF07FF10C1A53A98 /* Pods-EduflixTests.release.xcconfig */,
			);
			path = Pods;
			sourceTree = "<group>";
		};
		DCC56BBEED43CE4F5F503D05 /* Frameworks */ = {
			isa = PBXGroup;
			children = (
				14321E66268515880009022F /* RNCryptor.framework */,
				14321E67268515880009022F /* SideMenu.framework */,
				146D02642682B629001588D7 /* SideMenu.framework */,
				14117825267AA0D10020800B /* Kingfisher.framework */,
				14117821267AA0150020800B /* Kingfisher.framework */,
				3CDA416B5440B4DCB373180E /* Pods_Eduflix.framework */,
				C4133C6AC418399CDAE98251 /* Pods_Eduflix_EduflixUITests.framework */,
				F0A54AD6792B5FE874305197 /* Pods_EduflixTests.framework */,
			);
			name = Frameworks;
			sourceTree = "<group>";
		};
/* End PBXGroup section */

/* Begin PBXNativeTarget section */
		148F8B4D2636FDBE00DF6547 /* Eduflix */ = {
			isa = PBXNativeTarget;
			buildConfigurationList = 148F8B782636FDC400DF6547 /* Build configuration list for PBXNativeTarget "Eduflix" */;
			buildPhases = (
				B059A89845BA7CA69467430A /* [CP] Check Pods Manifest.lock */,
				148F8B4A2636FDBE00DF6547 /* Sources */,
				148F8B4B2636FDBE00DF6547 /* Frameworks */,
				148F8B4C2636FDBE00DF6547 /* Resources */,
				E1E02B165F9A81E42A3D8617 /* [CP] Embed Pods Frameworks */,
			);
			buildRules = (
			);
			dependencies = (
			);
			name = Eduflix;
			packageProductDependencies = (
				14321E6E26855AAC0009022F /* AESCryptable */,
				14321E71268564960009022F /* CryptoSwift */,
			);
			productName = Eduflix;
			productReference = 148F8B4E2636FDBE00DF6547 /* Eduflix.app */;
			productType = "com.apple.product-type.application";
		};
		148F8B632636FDC400DF6547 /* EduflixTests */ = {
			isa = PBXNativeTarget;
			buildConfigurationList = 148F8B7B2636FDC400DF6547 /* Build configuration list for PBXNativeTarget "EduflixTests" */;
			buildPhases = (
				1E1731DA03353EEF7428F836 /* [CP] Check Pods Manifest.lock */,
				148F8B602636FDC400DF6547 /* Sources */,
				148F8B612636FDC400DF6547 /* Frameworks */,
				148F8B622636FDC400DF6547 /* Resources */,
			);
			buildRules = (
			);
			dependencies = (
				148F8B662636FDC400DF6547 /* PBXTargetDependency */,
			);
			name = EduflixTests;
			productName = EduflixTests;
			productReference = 148F8B642636FDC400DF6547 /* EduflixTests.xctest */;
			productType = "com.apple.product-type.bundle.unit-test";
		};
		148F8B6E2636FDC400DF6547 /* EduflixUITests */ = {
			isa = PBXNativeTarget;
			buildConfigurationList = 148F8B7E2636FDC400DF6547 /* Build configuration list for PBXNativeTarget "EduflixUITests" */;
			buildPhases = (
				D46CA8399CC8BF10F79E9B46 /* [CP] Check Pods Manifest.lock */,
				148F8B6B2636FDC400DF6547 /* Sources */,
				148F8B6C2636FDC400DF6547 /* Frameworks */,
				148F8B6D2636FDC400DF6547 /* Resources */,
				01C32E8642A882DD3B80561D /* [CP] Embed Pods Frameworks */,
			);
			buildRules = (
			);
			dependencies = (
				148F8B712636FDC400DF6547 /* PBXTargetDependency */,
			);
			name = EduflixUITests;
			productName = EduflixUITests;
			productReference = 148F8B6F2636FDC400DF6547 /* EduflixUITests.xctest */;
			productType = "com.apple.product-type.bundle.ui-testing";
		};
/* End PBXNativeTarget section */

/* Begin PBXProject section */
		148F8B462636FDBD00DF6547 /* Project object */ = {
			isa = PBXProject;
			attributes = {
				LastSwiftUpdateCheck = 1240;
				LastUpgradeCheck = 1240;
				TargetAttributes = {
					148F8B4D2636FDBE00DF6547 = {
						CreatedOnToolsVersion = 12.4;
					};
					148F8B632636FDC400DF6547 = {
						CreatedOnToolsVersion = 12.4;
						TestTargetID = 148F8B4D2636FDBE00DF6547;
					};
					148F8B6E2636FDC400DF6547 = {
						CreatedOnToolsVersion = 12.4;
						TestTargetID = 148F8B4D2636FDBE00DF6547;
					};
				};
			};
			buildConfigurationList = 148F8B492636FDBD00DF6547 /* Build configuration list for PBXProject "Eduflix" */;
			compatibilityVersion = "Xcode 9.3";
			developmentRegion = en;
			hasScannedForEncodings = 0;
			knownRegions = (
				en,
				Base,
			);
			mainGroup = 148F8B452636FDBD00DF6547;
			packageReferences = (
				14117818267A4E470020800B /* XCRemoteSwiftPackageReference "Kingfisher" */,
				14321E6D26855AAB0009022F /* XCRemoteSwiftPackageReference "aescryptable" */,
				14321E70268564960009022F /* XCRemoteSwiftPackageReference "CryptoSwift" */,
			);
			productRefGroup = 148F8B4F2636FDBE00DF6547 /* Products */;
			projectDirPath = "";
			projectRoot = "";
			targets = (
				148F8B4D2636FDBE00DF6547 /* Eduflix */,
				148F8B632636FDC400DF6547 /* EduflixTests */,
				148F8B6E2636FDC400DF6547 /* EduflixUITests */,
			);
		};
/* End PBXProject section */

/* Begin PBXResourcesBuildPhase section */
		148F8B4C2636FDBE00DF6547 /* Resources */ = {
			isa = PBXResourcesBuildPhase;
			buildActionMask = 2147483647;
			files = (
				148F8BF62637108E00DF6547 /* launch.png in Resources */,
				148F8BB62636FF1100DF6547 /* notificaciones.png in Resources */,
				146D026126829474001588D7 /* googlebtn.png in Resources */,
				148F8BB22636FF1100DF6547 /* cursos.png in Resources */,
				148F8BC6263708A300DF6547 /* bmensaje.png in Resources */,
				148F8B5E2636FDC300DF6547 /* LaunchScreen.storyboard in Resources */,
				141D88E12681A7C5003A665C /* vector-bg.png in Resources */,
				148F8BA82636FF1100DF6547 /* Customer Info.png in Resources */,
				141D88E926822F20003A665C /* Triangle.png in Resources */,
				141D88D526819366003A665C /* header-login.png in Resources */,
				14916E8E2639D1F6009D8236 /* cerrar.png in Resources */,
				148F8BAC2636FF1100DF6547 /* regresar.png in Resources */,
				148F8BA52636FF1100DF6547 /* recuperar.png in Resources */,
				148F8BC5263708A300DF6547 /* usuario.png in Resources */,
				148F8BAF2636FF1100DF6547 /* Sign In – 1.png in Resources */,
				141D88D326819366003A665C /* lock.png in Resources */,
				148F8C4326374E7D00DF6547 /* GoogleService-Info.plist in Resources */,
				146D026026829474001588D7 /* faceook.png in Resources */,
				141D88E22681A7C5003A665C /* icon_mensajes_41.png in Resources */,
				148F8BB02636FF1100DF6547 /* paloma.png in Resources */,
				148F8BB42636FF1100DF6547 /* bgperfil.png in Resources */,
				148F8BB92636FF1100DF6547 /* Onboarding_4.png in Resources */,
				148F8BB12636FF1100DF6547 /* palomablanca.png in Resources */,
				141D88E826822F20003A665C /* Line.png in Resources */,
				148F8BA22636FF1100DF6547 /* gmail.png in Resources */,
				141D88EA26822F20003A665C /* Ellipse-2.png in Resources */,
				148F8BC7263708A300DF6547 /* blist.png in Resources */,
				148F8BC9263708A300DF6547 /* blapiz.png in Resources */,
				148F8BB72636FF1100DF6547 /* mensajes.png in Resources */,
				148F8BA32636FF1100DF6547 /* Sign In.png in Resources */,
				148F8BA62636FF1100DF6547 /* cuadronotif.png in Resources */,
				146D025D2682932C001588D7 /* passwordinput.png in Resources */,
				148F8BAB2636FF1100DF6547 /* Onboarding_1.png in Resources */,
				148F8BB32636FF1100DF6547 /* log.png in Resources */,
				141D88D226819366003A665C /* logo.png in Resources */,
				148F8BBA2636FF1100DF6547 /* home.png in Resources */,
				146D025A26829002001588D7 /* emailinput.png in Resources */,
				141D88E726822F20003A665C /* bell.png in Resources */,
				14916E892639CE88009D8236 /* font in Resources */,
				148F8BAA2636FF1100DF6547 /* ingresar.png in Resources */,
				148F8BC8263708A300DF6547 /* bhome.png in Resources */,
				148F8B5B2636FDC300DF6547 /* Assets.xcassets in Resources */,
				148F8BBB2636FF1100DF6547 /* Settings.png in Resources */,
				148F8BA92636FF1100DF6547 /* Categories.png in Resources */,
				141D88D126819366003A665C /* mail.png in Resources */,
				148F8BA42636FF1100DF6547 /* telefono.png in Resources */,
				148F8BBC2636FF1100DF6547 /* Notification.png in Resources */,
				148F8C0026371FE300DF6547 /* siguiente.png in Resources */,
				141D88DF2681A7C5003A665C /* icon_calificaciones_41.png in Resources */,
				148F8BCE263709D500DF6547 /* bcurso.png in Resources */,
				148F8BB52636FF1100DF6547 /* Construction works.png in Resources */,
				141D88D426819366003A665C /* login.png in Resources */,
				148F8BAE2636FF1100DF6547 /* conferencia.png in Resources */,
				148F8BA12636FF1100DF6547 /* calificaciones.png in Resources */,
				148F8B592636FDBE00DF6547 /* Main.storyboard in Resources */,
				141D88E02681A7C5003A665C /* icon_conferencia_41.png in Resources */,
				148F8BA72636FF1100DF6547 /* correo.png in Resources */,
				148F8BAD2636FF1100DF6547 /* Profile.png in Resources */,
				148F8BB82636FF1100DF6547 /* perfil.png in Resources */,
			);
			runOnlyForDeploymentPostprocessing = 0;
		};
		148F8B622636FDC400DF6547 /* Resources */ = {
			isa = PBXResourcesBuildPhase;
			buildActionMask = 2147483647;
			files = (
			);
			runOnlyForDeploymentPostprocessing = 0;
		};
		148F8B6D2636FDC400DF6547 /* Resources */ = {
			isa = PBXResourcesBuildPhase;
			buildActionMask = 2147483647;
			files = (
			);
			runOnlyForDeploymentPostprocessing = 0;
		};
/* End PBXResourcesBuildPhase section */

/* Begin PBXShellScriptBuildPhase section */
		01C32E8642A882DD3B80561D /* [CP] Embed Pods Frameworks */ = {
			isa = PBXShellScriptBuildPhase;
			buildActionMask = 2147483647;
			files = (
			);
			inputFileListPaths = (
				"${PODS_ROOT}/Target Support Files/Pods-Eduflix-EduflixUITests/Pods-Eduflix-EduflixUITests-frameworks-${CONFIGURATION}-input-files.xcfilelist",
			);
			name = "[CP] Embed Pods Frameworks";
			outputFileListPaths = (
				"${PODS_ROOT}/Target Support Files/Pods-Eduflix-EduflixUITests/Pods-Eduflix-EduflixUITests-frameworks-${CONFIGURATION}-output-files.xcfilelist",
			);
			runOnlyForDeploymentPostprocessing = 0;
			shellPath = /bin/sh;
			shellScript = "\"${PODS_ROOT}/Target Support Files/Pods-Eduflix-EduflixUITests/Pods-Eduflix-EduflixUITests-frameworks.sh\"\n";
			showEnvVarsInLog = 0;
		};
		1E1731DA03353EEF7428F836 /* [CP] Check Pods Manifest.lock */ = {
			isa = PBXShellScriptBuildPhase;
			buildActionMask = 2147483647;
			files = (
			);
			inputFileListPaths = (
			);
			inputPaths = (
				"${PODS_PODFILE_DIR_PATH}/Podfile.lock",
				"${PODS_ROOT}/Manifest.lock",
			);
			name = "[CP] Check Pods Manifest.lock";
			outputFileListPaths = (
			);
			outputPaths = (
				"$(DERIVED_FILE_DIR)/Pods-EduflixTests-checkManifestLockResult.txt",
			);
			runOnlyForDeploymentPostprocessing = 0;
			shellPath = /bin/sh;
			shellScript = "diff \"${PODS_PODFILE_DIR_PATH}/Podfile.lock\" \"${PODS_ROOT}/Manifest.lock\" > /dev/null\nif [ $? != 0 ] ; then\n    # print error to STDERR\n    echo \"error: The sandbox is not in sync with the Podfile.lock. Run 'pod install' or update your CocoaPods installation.\" >&2\n    exit 1\nfi\n# This output is used by Xcode 'outputs' to avoid re-running this script phase.\necho \"SUCCESS\" > \"${SCRIPT_OUTPUT_FILE_0}\"\n";
			showEnvVarsInLog = 0;
		};
		B059A89845BA7CA69467430A /* [CP] Check Pods Manifest.lock */ = {
			isa = PBXShellScriptBuildPhase;
			buildActionMask = 2147483647;
			files = (
			);
			inputFileListPaths = (
			);
			inputPaths = (
				"${PODS_PODFILE_DIR_PATH}/Podfile.lock",
				"${PODS_ROOT}/Manifest.lock",
			);
			name = "[CP] Check Pods Manifest.lock";
			outputFileListPaths = (
			);
			outputPaths = (
				"$(DERIVED_FILE_DIR)/Pods-Eduflix-checkManifestLockResult.txt",
			);
			runOnlyForDeploymentPostprocessing = 0;
			shellPath = /bin/sh;
			shellScript = "diff \"${PODS_PODFILE_DIR_PATH}/Podfile.lock\" \"${PODS_ROOT}/Manifest.lock\" > /dev/null\nif [ $? != 0 ] ; then\n    # print error to STDERR\n    echo \"error: The sandbox is not in sync with the Podfile.lock. Run 'pod install' or update your CocoaPods installation.\" >&2\n    exit 1\nfi\n# This output is used by Xcode 'outputs' to avoid re-running this script phase.\necho \"SUCCESS\" > \"${SCRIPT_OUTPUT_FILE_0}\"\n";
			showEnvVarsInLog = 0;
		};
		D46CA8399CC8BF10F79E9B46 /* [CP] Check Pods Manifest.lock */ = {
			isa = PBXShellScriptBuildPhase;
			buildActionMask = 2147483647;
			files = (
			);
			inputFileListPaths = (
			);
			inputPaths = (
				"${PODS_PODFILE_DIR_PATH}/Podfile.lock",
				"${PODS_ROOT}/Manifest.lock",
			);
			name = "[CP] Check Pods Manifest.lock";
			outputFileListPaths = (
			);
			outputPaths = (
				"$(DERIVED_FILE_DIR)/Pods-Eduflix-EduflixUITests-checkManifestLockResult.txt",
			);
			runOnlyForDeploymentPostprocessing = 0;
			shellPath = /bin/sh;
			shellScript = "diff \"${PODS_PODFILE_DIR_PATH}/Podfile.lock\" \"${PODS_ROOT}/Manifest.lock\" > /dev/null\nif [ $? != 0 ] ; then\n    # print error to STDERR\n    echo \"error: The sandbox is not in sync with the Podfile.lock. Run 'pod install' or update your CocoaPods installation.\" >&2\n    exit 1\nfi\n# This output is used by Xcode 'outputs' to avoid re-running this script phase.\necho \"SUCCESS\" > \"${SCRIPT_OUTPUT_FILE_0}\"\n";
			showEnvVarsInLog = 0;
		};
		E1E02B165F9A81E42A3D8617 /* [CP] Embed Pods Frameworks */ = {
			isa = PBXShellScriptBuildPhase;
			buildActionMask = 2147483647;
			files = (
			);
			inputFileListPaths = (
				"${PODS_ROOT}/Target Support Files/Pods-Eduflix/Pods-Eduflix-frameworks-${CONFIGURATION}-input-files.xcfilelist",
			);
			name = "[CP] Embed Pods Frameworks";
			outputFileListPaths = (
				"${PODS_ROOT}/Target Support Files/Pods-Eduflix/Pods-Eduflix-frameworks-${CONFIGURATION}-output-files.xcfilelist",
			);
			runOnlyForDeploymentPostprocessing = 0;
			shellPath = /bin/sh;
			shellScript = "\"${PODS_ROOT}/Target Support Files/Pods-Eduflix/Pods-Eduflix-frameworks.sh\"\n";
			showEnvVarsInLog = 0;
		};
/* End PBXShellScriptBuildPhase section */

/* Begin PBXSourcesBuildPhase section */
		148F8B4A2636FDBE00DF6547 /* Sources */ = {
			isa = PBXSourcesBuildPhase;
			buildActionMask = 2147483647;
			files = (
				146D02702682E55F001588D7 /* ConferenciadetalleViewController.swift in Sources */,
				148F8BD326370CD400DF6547 /* LoginViewController.swift in Sources */,
				148F8BEC26370D4D00DF6547 /* MensajesViewController.swift in Sources */,
				148F8B562636FDBE00DF6547 /* ViewController.swift in Sources */,
				148F8C392637474000DF6547 /* Conexionput.swift in Sources */,
				148F8C1126373D5B00DF6547 /* ContraViewController.swift in Sources */,
				148F8C1726373DA000DF6547 /* ConferenciaCollectionViewCell.swift in Sources */,
				148F8BDD26370D2100DF6547 /* ConferenciaViewController.swift in Sources */,
				148F8B522636FDBE00DF6547 /* AppDelegate.swift in Sources */,
				148F8BF126370E9100DF6547 /* CursosViewController.swift in Sources */,
				1411782A267C09F00020800B /* DetallecalificacionesViewController.swift in Sources */,
				148F8C2E2637407000DF6547 /* MensajesCollectionViewCell.swift in Sources */,
				141D88D826819EB8003A665C /* HomeViewController.swift in Sources */,
				148F8BE226370D2D00DF6547 /* CalificacionViewController.swift in Sources */,
				146D026A2682BB63001588D7 /* SideMenuTableViewController.swift in Sources */,
				148F8C222637403200DF6547 /* CalificacionCollectionViewCell.swift in Sources */,
				148F8BFB263717B100DF6547 /* noticiasCollectionViewCell.swift in Sources */,
				148F8C5E263751F100DF6547 /* NotificacionesViewController.swift in Sources */,
				1411781C267A64CE0020800B /* MensajeDetallesViewController.swift in Sources */,
				146D026326829B4F001588D7 /* CalifivacionTableViewCell.swift in Sources */,
				148F8C342637472500DF6547 /* Conexion.swift in Sources */,
				148F8C3E2637475900DF6547 /* ConexionPost.swift in Sources */,
				148F8BD826370D1200DF6547 /* InicioViewController.swift in Sources */,
				141D88DA2681A3A9003A665C /* HomeCollectionViewCell.swift in Sources */,
				148F8BE726370D3D00DF6547 /* PerfilViewController.swift in Sources */,
				146D026E2682E1B6001588D7 /* NoticiaViewController.swift in Sources */,
				148F8B542636FDBE00DF6547 /* SceneDelegate.swift in Sources */,
				14117820267A7D3C0020800B /* MensajesDetalleCollectionViewCell.swift in Sources */,
				146C3905267CFADF004C80A6 /* NotificacionesTableViewCell.swift in Sources */,
			);
			runOnlyForDeploymentPostprocessing = 0;
		};
		148F8B602636FDC400DF6547 /* Sources */ = {
			isa = PBXSourcesBuildPhase;
			buildActionMask = 2147483647;
			files = (
				148F8B692636FDC400DF6547 /* EduflixTests.swift in Sources */,
			);
			runOnlyForDeploymentPostprocessing = 0;
		};
		148F8B6B2636FDC400DF6547 /* Sources */ = {
			isa = PBXSourcesBuildPhase;
			buildActionMask = 2147483647;
			files = (
				148F8B742636FDC400DF6547 /* EduflixUITests.swift in Sources */,
			);
			runOnlyForDeploymentPostprocessing = 0;
		};
/* End PBXSourcesBuildPhase section */

/* Begin PBXTargetDependency section */
		148F8B662636FDC400DF6547 /* PBXTargetDependency */ = {
			isa = PBXTargetDependency;
			target = 148F8B4D2636FDBE00DF6547 /* Eduflix */;
			targetProxy = 148F8B652636FDC400DF6547 /* PBXContainerItemProxy */;
		};
		148F8B712636FDC400DF6547 /* PBXTargetDependency */ = {
			isa = PBXTargetDependency;
			target = 148F8B4D2636FDBE00DF6547 /* Eduflix */;
			targetProxy = 148F8B702636FDC400DF6547 /* PBXContainerItemProxy */;
		};
/* End PBXTargetDependency section */

/* Begin PBXVariantGroup section */
		148F8B572636FDBE00DF6547 /* Main.storyboard */ = {
			isa = PBXVariantGroup;
			children = (
				148F8B582636FDBE00DF6547 /* Base */,
			);
			name = Main.storyboard;
			sourceTree = "<group>";
		};
		148F8B5C2636FDC300DF6547 /* LaunchScreen.storyboard */ = {
			isa = PBXVariantGroup;
			children = (
				148F8B5D2636FDC300DF6547 /* Base */,
			);
			name = LaunchScreen.storyboard;
			sourceTree = "<group>";
		};
/* End PBXVariantGroup section */

/* Begin XCBuildConfiguration section */
		148F8B762636FDC400DF6547 /* Debug */ = {
			isa = XCBuildConfiguration;
			buildSettings = {
				ALWAYS_SEARCH_USER_PATHS = NO;
				CLANG_ANALYZER_NONNULL = YES;
				CLANG_ANALYZER_NUMBER_OBJECT_CONVERSION = YES_AGGRESSIVE;
				CLANG_CXX_LANGUAGE_STANDARD = "gnu++14";
				CLANG_CXX_LIBRARY = "libc++";
				CLANG_ENABLE_MODULES = YES;
				CLANG_ENABLE_OBJC_ARC = YES;
				CLANG_ENABLE_OBJC_WEAK = YES;
				CLANG_WARN_BLOCK_CAPTURE_AUTORELEASING = YES;
				CLANG_WARN_BOOL_CONVERSION = YES;
				CLANG_WARN_COMMA = YES;
				CLANG_WARN_CONSTANT_CONVERSION = YES;
				CLANG_WARN_DEPRECATED_OBJC_IMPLEMENTATIONS = YES;
				CLANG_WARN_DIRECT_OBJC_ISA_USAGE = YES_ERROR;
				CLANG_WARN_DOCUMENTATION_COMMENTS = YES;
				CLANG_WARN_EMPTY_BODY = YES;
				CLANG_WARN_ENUM_CONVERSION = YES;
				CLANG_WARN_INFINITE_RECURSION = YES;
				CLANG_WARN_INT_CONVERSION = YES;
				CLANG_WARN_NON_LITERAL_NULL_CONVERSION = YES;
				CLANG_WARN_OBJC_IMPLICIT_RETAIN_SELF = YES;
				CLANG_WARN_OBJC_LITERAL_CONVERSION = YES;
				CLANG_WARN_OBJC_ROOT_CLASS = YES_ERROR;
				CLANG_WARN_QUOTED_INCLUDE_IN_FRAMEWORK_HEADER = YES;
				CLANG_WARN_RANGE_LOOP_ANALYSIS = YES;
				CLANG_WARN_STRICT_PROTOTYPES = YES;
				CLANG_WARN_SUSPICIOUS_MOVE = YES;
				CLANG_WARN_UNGUARDED_AVAILABILITY = YES_AGGRESSIVE;
				CLANG_WARN_UNREACHABLE_CODE = YES;
				CLANG_WARN__DUPLICATE_METHOD_MATCH = YES;
				COPY_PHASE_STRIP = NO;
				DEBUG_INFORMATION_FORMAT = dwarf;
				ENABLE_STRICT_OBJC_MSGSEND = YES;
				ENABLE_TESTABILITY = YES;
				GCC_C_LANGUAGE_STANDARD = gnu11;
				GCC_DYNAMIC_NO_PIC = NO;
				GCC_NO_COMMON_BLOCKS = YES;
				GCC_OPTIMIZATION_LEVEL = 0;
				GCC_PREPROCESSOR_DEFINITIONS = (
					"DEBUG=1",
					"$(inherited)",
				);
				GCC_WARN_64_TO_32_BIT_CONVERSION = YES;
				GCC_WARN_ABOUT_RETURN_TYPE = YES_ERROR;
				GCC_WARN_UNDECLARED_SELECTOR = YES;
				GCC_WARN_UNINITIALIZED_AUTOS = YES_AGGRESSIVE;
				GCC_WARN_UNUSED_FUNCTION = YES;
				GCC_WARN_UNUSED_VARIABLE = YES;
				IPHONEOS_DEPLOYMENT_TARGET = 14.4;
				MTL_ENABLE_DEBUG_INFO = INCLUDE_SOURCE;
				MTL_FAST_MATH = YES;
				ONLY_ACTIVE_ARCH = YES;
				SDKROOT = iphoneos;
				SWIFT_ACTIVE_COMPILATION_CONDITIONS = DEBUG;
				SWIFT_OPTIMIZATION_LEVEL = "-Onone";
			};
			name = Debug;
		};
		148F8B772636FDC400DF6547 /* Release */ = {
			isa = XCBuildConfiguration;
			buildSettings = {
				ALWAYS_SEARCH_USER_PATHS = NO;
				CLANG_ANALYZER_NONNULL = YES;
				CLANG_ANALYZER_NUMBER_OBJECT_CONVERSION = YES_AGGRESSIVE;
				CLANG_CXX_LANGUAGE_STANDARD = "gnu++14";
				CLANG_CXX_LIBRARY = "libc++";
				CLANG_ENABLE_MODULES = YES;
				CLANG_ENABLE_OBJC_ARC = YES;
				CLANG_ENABLE_OBJC_WEAK = YES;
				CLANG_WARN_BLOCK_CAPTURE_AUTORELEASING = YES;
				CLANG_WARN_BOOL_CONVERSION = YES;
				CLANG_WARN_COMMA = YES;
				CLANG_WARN_CONSTANT_CONVERSION = YES;
				CLANG_WARN_DEPRECATED_OBJC_IMPLEMENTATIONS = YES;
				CLANG_WARN_DIRECT_OBJC_ISA_USAGE = YES_ERROR;
				CLANG_WARN_DOCUMENTATION_COMMENTS = YES;
				CLANG_WARN_EMPTY_BODY = YES;
				CLANG_WARN_ENUM_CONVERSION = YES;
				CLANG_WARN_INFINITE_RECURSION = YES;
				CLANG_WARN_INT_CONVERSION = YES;
				CLANG_WARN_NON_LITERAL_NULL_CONVERSION = YES;
				CLANG_WARN_OBJC_IMPLICIT_RETAIN_SELF = YES;
				CLANG_WARN_OBJC_LITERAL_CONVERSION = YES;
				CLANG_WARN_OBJC_ROOT_CLASS = YES_ERROR;
				CLANG_WARN_QUOTED_INCLUDE_IN_FRAMEWORK_HEADER = YES;
				CLANG_WARN_RANGE_LOOP_ANALYSIS = YES;
				CLANG_WARN_STRICT_PROTOTYPES = YES;
				CLANG_WARN_SUSPICIOUS_MOVE = YES;
				CLANG_WARN_UNGUARDED_AVAILABILITY = YES_AGGRESSIVE;
				CLANG_WARN_UNREACHABLE_CODE = YES;
				CLANG_WARN__DUPLICATE_METHOD_MATCH = YES;
				COPY_PHASE_STRIP = NO;
				DEBUG_INFORMATION_FORMAT = "dwarf-with-dsym";
				ENABLE_NS_ASSERTIONS = NO;
				ENABLE_STRICT_OBJC_MSGSEND = YES;
				GCC_C_LANGUAGE_STANDARD = gnu11;
				GCC_NO_COMMON_BLOCKS = YES;
				GCC_WARN_64_TO_32_BIT_CONVERSION = YES;
				GCC_WARN_ABOUT_RETURN_TYPE = YES_ERROR;
				GCC_WARN_UNDECLARED_SELECTOR = YES;
				GCC_WARN_UNINITIALIZED_AUTOS = YES_AGGRESSIVE;
				GCC_WARN_UNUSED_FUNCTION = YES;
				GCC_WARN_UNUSED_VARIABLE = YES;
				IPHONEOS_DEPLOYMENT_TARGET = 14.4;
				MTL_ENABLE_DEBUG_INFO = NO;
				MTL_FAST_MATH = YES;
				SDKROOT = iphoneos;
				SWIFT_COMPILATION_MODE = wholemodule;
				SWIFT_OPTIMIZATION_LEVEL = "-O";
				VALIDATE_PRODUCT = YES;
			};
			name = Release;
		};
		148F8B792636FDC400DF6547 /* Debug */ = {
			isa = XCBuildConfiguration;
			baseConfigurationReference = FD1F4A6A62994007B45A292C /* Pods-Eduflix.debug.xcconfig */;
			buildSettings = {
				ASSETCATALOG_COMPILER_APPICON_NAME = AppIcon;
				ASSETCATALOG_COMPILER_GLOBAL_ACCENT_COLOR_NAME = AccentColor;
				CODE_SIGN_ENTITLEMENTS = Eduflix/Eduflix.entitlements;
				CODE_SIGN_IDENTITY = "Apple Development";
				CODE_SIGN_STYLE = Automatic;
				DEVELOPMENT_TEAM = JC7FF53NVY;
				INFOPLIST_FILE = Eduflix/Info.plist;
				LD_RUNPATH_SEARCH_PATHS = (
					"$(inherited)",
					"@executable_path/Frameworks",
				);
				MARKETING_VERSION = 1.2;
				PRODUCT_BUNDLE_IDENTIFIER = gesdes.com.Eduflix;
				PRODUCT_NAME = "$(TARGET_NAME)";
				PROVISIONING_PROFILE_SPECIFIER = "";
				SWIFT_VERSION = 5.0;
				TARGETED_DEVICE_FAMILY = "1,2";
			};
			name = Debug;
		};
		148F8B7A2636FDC400DF6547 /* Release */ = {
			isa = XCBuildConfiguration;
			baseConfigurationReference = 3773B5219B3E752D70F9A0FD /* Pods-Eduflix.release.xcconfig */;
			buildSettings = {
				ASSETCATALOG_COMPILER_APPICON_NAME = AppIcon;
				ASSETCATALOG_COMPILER_GLOBAL_ACCENT_COLOR_NAME = AccentColor;
				CODE_SIGN_ENTITLEMENTS = Eduflix/Eduflix.entitlements;
				CODE_SIGN_IDENTITY = "iPhone Developer";
				CODE_SIGN_STYLE = Manual;
				DEVELOPMENT_TEAM = DP428H92D5;
				INFOPLIST_FILE = Eduflix/Info.plist;
				LD_RUNPATH_SEARCH_PATHS = (
					"$(inherited)",
					"@executable_path/Frameworks",
				);
				MARKETING_VERSION = 1.2;
				PRODUCT_BUNDLE_IDENTIFIER = gesdes.com.Eduflix;
				PRODUCT_NAME = "$(TARGET_NAME)";
				PROVISIONING_PROFILE_SPECIFIER = Eduflix;
				SWIFT_VERSION = 5.0;
				TARGETED_DEVICE_FAMILY = "1,2";
			};
			name = Release;
		};
		148F8B7C2636FDC400DF6547 /* Debug */ = {
			isa = XCBuildConfiguration;
			baseConfigurationReference = B6B8D140F014ABB6B841739D /* Pods-EduflixTests.debug.xcconfig */;
			buildSettings = {
				ALWAYS_EMBED_SWIFT_STANDARD_LIBRARIES = YES;
				BUNDLE_LOADER = "$(TEST_HOST)";
				CODE_SIGN_STYLE = Automatic;
				DEVELOPMENT_TEAM = JC7FF53NVY;
				INFOPLIST_FILE = EduflixTests/Info.plist;
				IPHONEOS_DEPLOYMENT_TARGET = 14.4;
				LD_RUNPATH_SEARCH_PATHS = (
					"$(inherited)",
					"@executable_path/Frameworks",
					"@loader_path/Frameworks",
				);
				PRODUCT_BUNDLE_IDENTIFIER = gesdes.com.EduflixTests;
				PRODUCT_NAME = "$(TARGET_NAME)";
				SWIFT_VERSION = 5.0;
				TARGETED_DEVICE_FAMILY = "1,2";
				TEST_HOST = "$(BUILT_PRODUCTS_DIR)/Eduflix.app/Eduflix";
			};
			name = Debug;
		};
		148F8B7D2636FDC400DF6547 /* Release */ = {
			isa = XCBuildConfiguration;
			baseConfigurationReference = CCAD724EAF07FF10C1A53A98 /* Pods-EduflixTests.release.xcconfig */;
			buildSettings = {
				ALWAYS_EMBED_SWIFT_STANDARD_LIBRARIES = YES;
				BUNDLE_LOADER = "$(TEST_HOST)";
				CODE_SIGN_STYLE = Automatic;
				DEVELOPMENT_TEAM = JC7FF53NVY;
				INFOPLIST_FILE = EduflixTests/Info.plist;
				IPHONEOS_DEPLOYMENT_TARGET = 14.4;
				LD_RUNPATH_SEARCH_PATHS = (
					"$(inherited)",
					"@executable_path/Frameworks",
					"@loader_path/Frameworks",
				);
				PRODUCT_BUNDLE_IDENTIFIER = gesdes.com.EduflixTests;
				PRODUCT_NAME = "$(TARGET_NAME)";
				SWIFT_VERSION = 5.0;
				TARGETED_DEVICE_FAMILY = "1,2";
				TEST_HOST = "$(BUILT_PRODUCTS_DIR)/Eduflix.app/Eduflix";
			};
			name = Release;
		};
		148F8B7F2636FDC400DF6547 /* Debug */ = {
			isa = XCBuildConfiguration;
			baseConfigurationReference = 63921193CA8F95E8354724BA /* Pods-Eduflix-EduflixUITests.debug.xcconfig */;
			buildSettings = {
				ALWAYS_EMBED_SWIFT_STANDARD_LIBRARIES = YES;
				CODE_SIGN_STYLE = Automatic;
				DEVELOPMENT_TEAM = JC7FF53NVY;
				INFOPLIST_FILE = EduflixUITests/Info.plist;
				LD_RUNPATH_SEARCH_PATHS = (
					"$(inherited)",
					"@executable_path/Frameworks",
					"@loader_path/Frameworks",
				);
				PRODUCT_BUNDLE_IDENTIFIER = gesdes.com.EduflixUITests;
				PRODUCT_NAME = "$(TARGET_NAME)";
				SWIFT_VERSION = 5.0;
				TARGETED_DEVICE_FAMILY = "1,2";
				TEST_TARGET_NAME = Eduflix;
			};
			name = Debug;
		};
		148F8B802636FDC400DF6547 /* Release */ = {
			isa = XCBuildConfiguration;
			baseConfigurationReference = 68B12AD3D42B14B23CB0F632 /* Pods-Eduflix-EduflixUITests.release.xcconfig */;
			buildSettings = {
				ALWAYS_EMBED_SWIFT_STANDARD_LIBRARIES = YES;
				CODE_SIGN_STYLE = Automatic;
				DEVELOPMENT_TEAM = JC7FF53NVY;
				INFOPLIST_FILE = EduflixUITests/Info.plist;
				LD_RUNPATH_SEARCH_PATHS = (
					"$(inherited)",
					"@executable_path/Frameworks",
					"@loader_path/Frameworks",
				);
				PRODUCT_BUNDLE_IDENTIFIER = gesdes.com.EduflixUITests;
				PRODUCT_NAME = "$(TARGET_NAME)";
				SWIFT_VERSION = 5.0;
				TARGETED_DEVICE_FAMILY = "1,2";
				TEST_TARGET_NAME = Eduflix;
			};
			name = Release;
		};
/* End XCBuildConfiguration section */

/* Begin XCConfigurationList section */
		148F8B492636FDBD00DF6547 /* Build configuration list for PBXProject "Eduflix" */ = {
			isa = XCConfigurationList;
			buildConfigurations = (
				148F8B762636FDC400DF6547 /* Debug */,
				148F8B772636FDC400DF6547 /* Release */,
			);
			defaultConfigurationIsVisible = 0;
			defaultConfigurationName = Release;
		};
		148F8B782636FDC400DF6547 /* Build configuration list for PBXNativeTarget "Eduflix" */ = {
			isa = XCConfigurationList;
			buildConfigurations = (
				148F8B792636FDC400DF6547 /* Debug */,
				148F8B7A2636FDC400DF6547 /* Release */,
			);
			defaultConfigurationIsVisible = 0;
			defaultConfigurationName = Release;
		};
		148F8B7B2636FDC400DF6547 /* Build configuration list for PBXNativeTarget "EduflixTests" */ = {
			isa = XCConfigurationList;
			buildConfigurations = (
				148F8B7C2636FDC400DF6547 /* Debug */,
				148F8B7D2636FDC400DF6547 /* Release */,
			);
			defaultConfigurationIsVisible = 0;
			defaultConfigurationName = Release;
		};
		148F8B7E2636FDC400DF6547 /* Build configuration list for PBXNativeTarget "EduflixUITests" */ = {
			isa = XCConfigurationList;
			buildConfigurations = (
				148F8B7F2636FDC400DF6547 /* Debug */,
				148F8B802636FDC400DF6547 /* Release */,
			);
			defaultConfigurationIsVisible = 0;
			defaultConfigurationName = Release;
		};
/* End XCConfigurationList section */

/* Begin XCRemoteSwiftPackageReference section */
		14117818267A4E470020800B /* XCRemoteSwiftPackageReference "Kingfisher" */ = {
			isa = XCRemoteSwiftPackageReference;
			repositoryURL = "https://github.com/onevcat/Kingfisher.git";
			requirement = {
				kind = upToNextMajorVersion;
				minimumVersion = 6.3.0;
			};
		};
		14321E6D26855AAB0009022F /* XCRemoteSwiftPackageReference "aescryptable" */ = {
			isa = XCRemoteSwiftPackageReference;
			repositoryURL = "https://github.com/backslash-f/aescryptable";
			requirement = {
				kind = upToNextMajorVersion;
				minimumVersion = 2.0.0;
			};
		};
		14321E70268564960009022F /* XCRemoteSwiftPackageReference "CryptoSwift" */ = {
			isa = XCRemoteSwiftPackageReference;
			repositoryURL = "https://github.com/krzyzanowskim/CryptoSwift.git";
			requirement = {
				kind = upToNextMajorVersion;
				minimumVersion = 1.4.0;
			};
		};
/* End XCRemoteSwiftPackageReference section */

/* Begin XCSwiftPackageProductDependency section */
		14321E6E26855AAC0009022F /* AESCryptable */ = {
			isa = XCSwiftPackageProductDependency;
			package = 14321E6D26855AAB0009022F /* XCRemoteSwiftPackageReference "aescryptable" */;
			productName = AESCryptable;
		};
		14321E71268564960009022F /* CryptoSwift */ = {
			isa = XCSwiftPackageProductDependency;
			package = 14321E70268564960009022F /* XCRemoteSwiftPackageReference "CryptoSwift" */;
			productName = CryptoSwift;
		};
/* End XCSwiftPackageProductDependency section */
	};
	rootObject = 148F8B462636FDBD00DF6547 /* Project object */;
}
